// !$*UTF8*$!
{
	archiveVersion = 1;
	classes = {
	};
	objectVersion = 55;
	objects = {

/* Begin PBXBuildFile section */
		F64600012886478500862165 /* UITextField+Extension.swift in Sources */ = {isa = PBXBuildFile; fileRef = F64600002886478500862165 /* UITextField+Extension.swift */; };
		F646000328864B9100862165 /* BucketListTableViewController.swift in Sources */ = {isa = PBXBuildFile; fileRef = F646000228864B9100862165 /* BucketListTableViewController.swift */; };
		F646000528864D9800862165 /* BucketListTableViewCell.swift in Sources */ = {isa = PBXBuildFile; fileRef = F646000428864D9800862165 /* BucketListTableViewCell.swift */; };
		F646000828869A4C00862165 /* Shopping.storyboard in Resources */ = {isa = PBXBuildFile; fileRef = F646000728869A4C00862165 /* Shopping.storyboard */; };
		F646000A28869EB200862165 /* ShoppingTableViewController.swift in Sources */ = {isa = PBXBuildFile; fileRef = F646000928869EB200862165 /* ShoppingTableViewController.swift */; };
		F646000C28869EF300862165 /* ShoppingTableViewCell.swift in Sources */ = {isa = PBXBuildFile; fileRef = F646000B28869EF300862165 /* ShoppingTableViewCell.swift */; };
		F646000E2886A59C00862165 /* TextField+Extension.swift in Sources */ = {isa = PBXBuildFile; fileRef = F646000D2886A59C00862165 /* TextField+Extension.swift */; };
		F64600102886A5B200862165 /* ViewController+Extension.swift in Sources */ = {isa = PBXBuildFile; fileRef = F646000F2886A5B200862165 /* ViewController+Extension.swift */; };
		F64600122886A60400862165 /* ShoppingListModel.swift in Sources */ = {isa = PBXBuildFile; fileRef = F64600112886A60400862165 /* ShoppingListModel.swift */; };
		F64600142886BE3400862165 /* SearchTableViewController.swift in Sources */ = {isa = PBXBuildFile; fileRef = F64600132886BE3400862165 /* SearchTableViewController.swift */; };
		F64600162886BE6A00862165 /* SearchTableViewCell.swift in Sources */ = {isa = PBXBuildFile; fileRef = F64600152886BE6A00862165 /* SearchTableViewCell.swift */; };
		F64600182886BF5C00862165 /* TrendMediaModel.swift in Sources */ = {isa = PBXBuildFile; fileRef = F64600172886BF5C00862165 /* TrendMediaModel.swift */; };
		F646FFB02884DDC600862165 /* AppDelegate.swift in Sources */ = {isa = PBXBuildFile; fileRef = F646FFAF2884DDC600862165 /* AppDelegate.swift */; };
		F646FFB22884DDC600862165 /* SceneDelegate.swift in Sources */ = {isa = PBXBuildFile; fileRef = F646FFB12884DDC600862165 /* SceneDelegate.swift */; };
		F646FFB42884DDC600862165 /* ViewController.swift in Sources */ = {isa = PBXBuildFile; fileRef = F646FFB32884DDC600862165 /* ViewController.swift */; };
		F646FFB72884DDC600862165 /* Main.storyboard in Resources */ = {isa = PBXBuildFile; fileRef = F646FFB52884DDC600862165 /* Main.storyboard */; };
		F646FFB92884DDC700862165 /* Assets.xcassets in Resources */ = {isa = PBXBuildFile; fileRef = F646FFB82884DDC700862165 /* Assets.xcassets */; };
		F646FFBC2884DDC700862165 /* LaunchScreen.storyboard in Resources */ = {isa = PBXBuildFile; fileRef = F646FFBA2884DDC700862165 /* LaunchScreen.storyboard */; };
		F646FFC42884F10D00862165 /* Home.storyboard in Resources */ = {isa = PBXBuildFile; fileRef = F646FFC32884F10D00862165 /* Home.storyboard */; };
		F646FFC62884FE3500862165 /* SettingTableViewController.swift in Sources */ = {isa = PBXBuildFile; fileRef = F646FFC52884FE3500862165 /* SettingTableViewController.swift */; };
		F646FFC828854D9600862165 /* FirstTableViewController.swift in Sources */ = {isa = PBXBuildFile; fileRef = F646FFC728854D9600862165 /* FirstTableViewController.swift */; };
		F646FFCA28854D9C00862165 /* SecondTableViewController.swift in Sources */ = {isa = PBXBuildFile; fileRef = F646FFC928854D9C00862165 /* SecondTableViewController.swift */; };
		F646FFF22886401D00862165 /* Search.storyboard in Resources */ = {isa = PBXBuildFile; fileRef = F646FFF12886401D00862165 /* Search.storyboard */; };
		F646FFF52886405200862165 /* Trend.storyboard in Resources */ = {isa = PBXBuildFile; fileRef = F646FFF42886405200862165 /* Trend.storyboard */; };
		F646FFF72886408A00862165 /* Intro.storyboard in Resources */ = {isa = PBXBuildFile; fileRef = F646FFF62886408A00862165 /* Intro.storyboard */; };
		F646FFF92886410C00862165 /* Setting.storyboard in Resources */ = {isa = PBXBuildFile; fileRef = F646FFF82886410C00862165 /* Setting.storyboard */; };
		F646FFFB2886440700862165 /* TrendViewController.swift in Sources */ = {isa = PBXBuildFile; fileRef = F646FFFA2886440700862165 /* TrendViewController.swift */; };
		F646FFFD2886440E00862165 /* SearchViewController.swift in Sources */ = {isa = PBXBuildFile; fileRef = F646FFFC2886440E00862165 /* SearchViewController.swift */; };
		F646FFFF2886451700862165 /* UIViewController+Extension.swift in Sources */ = {isa = PBXBuildFile; fileRef = F646FFFE2886451700862165 /* UIViewController+Extension.swift */; };
/* End PBXBuildFile section */

/* Begin PBXFileReference section */
		F64600002886478500862165 /* UITextField+Extension.swift */ = {isa = PBXFileReference; lastKnownFileType = sourcecode.swift; path = "UITextField+Extension.swift"; sourceTree = "<group>"; };
		F646000228864B9100862165 /* BucketListTableViewController.swift */ = {isa = PBXFileReference; lastKnownFileType = sourcecode.swift; path = BucketListTableViewController.swift; sourceTree = "<group>"; };
		F646000428864D9800862165 /* BucketListTableViewCell.swift */ = {isa = PBXFileReference; lastKnownFileType = sourcecode.swift; path = BucketListTableViewCell.swift; sourceTree = "<group>"; };
		F646000728869A4C00862165 /* Shopping.storyboard */ = {isa = PBXFileReference; lastKnownFileType = file.storyboard; path = Shopping.storyboard; sourceTree = "<group>"; };
		F646000928869EB200862165 /* ShoppingTableViewController.swift */ = {isa = PBXFileReference; lastKnownFileType = sourcecode.swift; path = ShoppingTableViewController.swift; sourceTree = "<group>"; };
		F646000B28869EF300862165 /* ShoppingTableViewCell.swift */ = {isa = PBXFileReference; lastKnownFileType = sourcecode.swift; path = ShoppingTableViewCell.swift; sourceTree = "<group>"; };
		F646000D2886A59C00862165 /* TextField+Extension.swift */ = {isa = PBXFileReference; lastKnownFileType = sourcecode.swift; path = "TextField+Extension.swift"; sourceTree = "<group>"; };
		F646000F2886A5B200862165 /* ViewController+Extension.swift */ = {isa = PBXFileReference; lastKnownFileType = sourcecode.swift; path = "ViewController+Extension.swift"; sourceTree = "<group>"; };
		F64600112886A60400862165 /* ShoppingListModel.swift */ = {isa = PBXFileReference; lastKnownFileType = sourcecode.swift; path = ShoppingListModel.swift; sourceTree = "<group>"; };
		F64600132886BE3400862165 /* SearchTableViewController.swift */ = {isa = PBXFileReference; lastKnownFileType = sourcecode.swift; path = SearchTableViewController.swift; sourceTree = "<group>"; };
		F64600152886BE6A00862165 /* SearchTableViewCell.swift */ = {isa = PBXFileReference; lastKnownFileType = sourcecode.swift; path = SearchTableViewCell.swift; sourceTree = "<group>"; };
		F64600172886BF5C00862165 /* TrendMediaModel.swift */ = {isa = PBXFileReference; lastKnownFileType = sourcecode.swift; path = TrendMediaModel.swift; sourceTree = "<group>"; };
		F646FFAC2884DDC600862165 /* SeSAC Week3 TrendMedia.app */ = {isa = PBXFileReference; explicitFileType = wrapper.application; includeInIndex = 0; path = "SeSAC Week3 TrendMedia.app"; sourceTree = BUILT_PRODUCTS_DIR; };
		F646FFAF2884DDC600862165 /* AppDelegate.swift */ = {isa = PBXFileReference; lastKnownFileType = sourcecode.swift; path = AppDelegate.swift; sourceTree = "<group>"; };
		F646FFB12884DDC600862165 /* SceneDelegate.swift */ = {isa = PBXFileReference; lastKnownFileType = sourcecode.swift; path = SceneDelegate.swift; sourceTree = "<group>"; };
		F646FFB32884DDC600862165 /* ViewController.swift */ = {isa = PBXFileReference; lastKnownFileType = sourcecode.swift; path = ViewController.swift; sourceTree = "<group>"; };
		F646FFB62884DDC600862165 /* Base */ = {isa = PBXFileReference; lastKnownFileType = file.storyboard; name = Base; path = Base.lproj/Main.storyboard; sourceTree = "<group>"; };
		F646FFB82884DDC700862165 /* Assets.xcassets */ = {isa = PBXFileReference; lastKnownFileType = folder.assetcatalog; path = Assets.xcassets; sourceTree = "<group>"; };
		F646FFBB2884DDC700862165 /* Base */ = {isa = PBXFileReference; lastKnownFileType = file.storyboard; name = Base; path = Base.lproj/LaunchScreen.storyboard; sourceTree = "<group>"; };
		F646FFBD2884DDC700862165 /* Info.plist */ = {isa = PBXFileReference; lastKnownFileType = text.plist.xml; path = Info.plist; sourceTree = "<group>"; };
		F646FFC32884F10D00862165 /* Home.storyboard */ = {isa = PBXFileReference; lastKnownFileType = file.storyboard; path = Home.storyboard; sourceTree = "<group>"; };
		F646FFC52884FE3500862165 /* SettingTableViewController.swift */ = {isa = PBXFileReference; lastKnownFileType = sourcecode.swift; path = SettingTableViewController.swift; sourceTree = "<group>"; };
		F646FFC728854D9600862165 /* FirstTableViewController.swift */ = {isa = PBXFileReference; lastKnownFileType = sourcecode.swift; path = FirstTableViewController.swift; sourceTree = "<group>"; };
		F646FFC928854D9C00862165 /* SecondTableViewController.swift */ = {isa = PBXFileReference; lastKnownFileType = sourcecode.swift; path = SecondTableViewController.swift; sourceTree = "<group>"; };
		F646FFF12886401D00862165 /* Search.storyboard */ = {isa = PBXFileReference; lastKnownFileType = file.storyboard; path = Search.storyboard; sourceTree = "<group>"; };
		F646FFF42886405200862165 /* Trend.storyboard */ = {isa = PBXFileReference; lastKnownFileType = file.storyboard; path = Trend.storyboard; sourceTree = "<group>"; };
		F646FFF62886408A00862165 /* Intro.storyboard */ = {isa = PBXFileReference; lastKnownFileType = file.storyboard; path = Intro.storyboard; sourceTree = "<group>"; };
		F646FFF82886410C00862165 /* Setting.storyboard */ = {isa = PBXFileReference; lastKnownFileType = file.storyboard; path = Setting.storyboard; sourceTree = "<group>"; };
		F646FFFA2886440700862165 /* TrendViewController.swift */ = {isa = PBXFileReference; lastKnownFileType = sourcecode.swift; path = TrendViewController.swift; sourceTree = "<group>"; };
		F646FFFC2886440E00862165 /* SearchViewController.swift */ = {isa = PBXFileReference; lastKnownFileType = sourcecode.swift; path = SearchViewController.swift; sourceTree = "<group>"; };
		F646FFFE2886451700862165 /* UIViewController+Extension.swift */ = {isa = PBXFileReference; lastKnownFileType = sourcecode.swift; path = "UIViewController+Extension.swift"; sourceTree = "<group>"; };
/* End PBXFileReference section */

/* Begin PBXFrameworksBuildPhase section */
		F646FFA92884DDC600862165 /* Frameworks */ = {
			isa = PBXFrameworksBuildPhase;
			buildActionMask = 2147483647;
			files = (
			);
			runOnlyForDeploymentPostprocessing = 0;
		};
/* End PBXFrameworksBuildPhase section */

/* Begin PBXGroup section */
		F6460006288699D900862165 /* Task Folder */ = {
			isa = PBXGroup;
			children = (
				F646000728869A4C00862165 /* Shopping.storyboard */,
				F646000B28869EF300862165 /* ShoppingTableViewCell.swift */,
				F64600112886A60400862165 /* ShoppingListModel.swift */,
				F646000928869EB200862165 /* ShoppingTableViewController.swift */,
				F646000D2886A59C00862165 /* TextField+Extension.swift */,
				F646000F2886A5B200862165 /* ViewController+Extension.swift */,
			);
			path = "Task Folder";
			sourceTree = "<group>";
		};
		F646FFA32884DDC600862165 = {
			isa = PBXGroup;
			children = (
				F646FFAE2884DDC600862165 /* SeSAC Week3 TrendMedia */,
				F646FFAD2884DDC600862165 /* Products */,
			);
			sourceTree = "<group>";
		};
		F646FFAD2884DDC600862165 /* Products */ = {
			isa = PBXGroup;
			children = (
				F646FFAC2884DDC600862165 /* SeSAC Week3 TrendMedia.app */,
			);
			name = Products;
			sourceTree = "<group>";
		};
		F646FFAE2884DDC600862165 /* SeSAC Week3 TrendMedia */ = {
			isa = PBXGroup;
			children = (
				F6460006288699D900862165 /* Task Folder */,
				F646FFF32886402E00862165 /* TrendMedia */,
				F646FFAF2884DDC600862165 /* AppDelegate.swift */,
				F646FFB12884DDC600862165 /* SceneDelegate.swift */,
				F646FFB32884DDC600862165 /* ViewController.swift */,
				F646FFB52884DDC600862165 /* Main.storyboard */,
				F646FFC728854D9600862165 /* FirstTableViewController.swift */,
				F646FFB82884DDC700862165 /* Assets.xcassets */,
				F646FFBA2884DDC700862165 /* LaunchScreen.storyboard */,
				F646FFBD2884DDC700862165 /* Info.plist */,
			);
			path = "SeSAC Week3 TrendMedia";
			sourceTree = "<group>";
		};
		F646FFF32886402E00862165 /* TrendMedia */ = {
			isa = PBXGroup;
			children = (
				F646FFC32884F10D00862165 /* Home.storyboard */,
				F646FFF62886408A00862165 /* Intro.storyboard */,
				F646FFF82886410C00862165 /* Setting.storyboard */,
				F646FFF12886401D00862165 /* Search.storyboard */,
				F64600172886BF5C00862165 /* TrendMediaModel.swift */,
				F64600152886BE6A00862165 /* SearchTableViewCell.swift */,
				F64600132886BE3400862165 /* SearchTableViewController.swift */,
				F646FFFC2886440E00862165 /* SearchViewController.swift */,
				F646FFF42886405200862165 /* Trend.storyboard */,
				F646000428864D9800862165 /* BucketListTableViewCell.swift */,
				F646000228864B9100862165 /* BucketListTableViewController.swift */,
				F646FFFE2886451700862165 /* UIViewController+Extension.swift */,
				F64600002886478500862165 /* UITextField+Extension.swift */,
				F646FFFA2886440700862165 /* TrendViewController.swift */,
				F646FFC928854D9C00862165 /* SecondTableViewController.swift */,
				F646FFC52884FE3500862165 /* SettingTableViewController.swift */,
			);
			path = TrendMedia;
			sourceTree = "<group>";
		};
/* End PBXGroup section */

/* Begin PBXNativeTarget section */
		F646FFAB2884DDC600862165 /* SeSAC Week3 TrendMedia */ = {
			isa = PBXNativeTarget;
			buildConfigurationList = F646FFC02884DDC700862165 /* Build configuration list for PBXNativeTarget "SeSAC Week3 TrendMedia" */;
			buildPhases = (
				F646FFA82884DDC600862165 /* Sources */,
				F646FFA92884DDC600862165 /* Frameworks */,
				F646FFAA2884DDC600862165 /* Resources */,
			);
			buildRules = (
			);
			dependencies = (
			);
			name = "SeSAC Week3 TrendMedia";
			productName = "SeSAC Week3 TrendMedia";
			productReference = F646FFAC2884DDC600862165 /* SeSAC Week3 TrendMedia.app */;
			productType = "com.apple.product-type.application";
		};
/* End PBXNativeTarget section */

/* Begin PBXProject section */
		F646FFA42884DDC600862165 /* Project object */ = {
			isa = PBXProject;
			attributes = {
				BuildIndependentTargetsInParallel = 1;
				LastSwiftUpdateCheck = 1330;
				LastUpgradeCheck = 1330;
				TargetAttributes = {
					F646FFAB2884DDC600862165 = {
						CreatedOnToolsVersion = 13.3.1;
					};
				};
			};
			buildConfigurationList = F646FFA72884DDC600862165 /* Build configuration list for PBXProject "SeSAC Week3 TrendMedia" */;
			compatibilityVersion = "Xcode 13.0";
			developmentRegion = en;
			hasScannedForEncodings = 0;
			knownRegions = (
				en,
				Base,
			);
			mainGroup = F646FFA32884DDC600862165;
			productRefGroup = F646FFAD2884DDC600862165 /* Products */;
			projectDirPath = "";
			projectRoot = "";
			targets = (
				F646FFAB2884DDC600862165 /* SeSAC Week3 TrendMedia */,
			);
		};
/* End PBXProject section */

/* Begin PBXResourcesBuildPhase section */
		F646FFAA2884DDC600862165 /* Resources */ = {
			isa = PBXResourcesBuildPhase;
			buildActionMask = 2147483647;
			files = (
				F646FFBC2884DDC700862165 /* LaunchScreen.storyboard in Resources */,
				F646FFB92884DDC700862165 /* Assets.xcassets in Resources */,
				F646FFB72884DDC600862165 /* Main.storyboard in Resources */,
				F646FFC42884F10D00862165 /* Home.storyboard in Resources */,
				F646FFF52886405200862165 /* Trend.storyboard in Resources */,
				F646FFF72886408A00862165 /* Intro.storyboard in Resources */,
				F646000828869A4C00862165 /* Shopping.storyboard in Resources */,
				F646FFF22886401D00862165 /* Search.storyboard in Resources */,
				F646FFF92886410C00862165 /* Setting.storyboard in Resources */,
			);
			runOnlyForDeploymentPostprocessing = 0;
		};
/* End PBXResourcesBuildPhase section */

/* Begin PBXSourcesBuildPhase section */
		F646FFA82884DDC600862165 /* Sources */ = {
			isa = PBXSourcesBuildPhase;
			buildActionMask = 2147483647;
			files = (
				F64600102886A5B200862165 /* ViewController+Extension.swift in Sources */,
				F64600142886BE3400862165 /* SearchTableViewController.swift in Sources */,
				F646FFFF2886451700862165 /* UIViewController+Extension.swift in Sources */,
				F646FFC62884FE3500862165 /* SettingTableViewController.swift in Sources */,
				F646FFCA28854D9C00862165 /* SecondTableViewController.swift in Sources */,
				F646FFFD2886440E00862165 /* SearchViewController.swift in Sources */,
				F646FFB42884DDC600862165 /* ViewController.swift in Sources */,
				F646000C28869EF300862165 /* ShoppingTableViewCell.swift in Sources */,
				F64600012886478500862165 /* UITextField+Extension.swift in Sources */,
				F646000A28869EB200862165 /* ShoppingTableViewController.swift in Sources */,
				F64600162886BE6A00862165 /* SearchTableViewCell.swift in Sources */,
				F64600122886A60400862165 /* ShoppingListModel.swift in Sources */,
				F646FFB02884DDC600862165 /* AppDelegate.swift in Sources */,
				F646000E2886A59C00862165 /* TextField+Extension.swift in Sources */,
				F64600182886BF5C00862165 /* TrendMediaModel.swift in Sources */,
				F646FFFB2886440700862165 /* TrendViewController.swift in Sources */,
				F646FFB22884DDC600862165 /* SceneDelegate.swift in Sources */,
				F646000528864D9800862165 /* BucketListTableViewCell.swift in Sources */,
				F646FFC828854D9600862165 /* FirstTableViewController.swift in Sources */,
				F646000328864B9100862165 /* BucketListTableViewController.swift in Sources */,
			);
			runOnlyForDeploymentPostprocessing = 0;
		};
/* End PBXSourcesBuildPhase section */

/* Begin PBXVariantGroup section */
		F646FFB52884DDC600862165 /* Main.storyboard */ = {
			isa = PBXVariantGroup;
			children = (
				F646FFB62884DDC600862165 /* Base */,
			);
			name = Main.storyboard;
			sourceTree = "<group>";
		};
		F646FFBA2884DDC700862165 /* LaunchScreen.storyboard */ = {
			isa = PBXVariantGroup;
			children = (
				F646FFBB2884DDC700862165 /* Base */,
			);
			name = LaunchScreen.storyboard;
			sourceTree = "<group>";
		};
/* End PBXVariantGroup section */

/* Begin XCBuildConfiguration section */
		F646FFBE2884DDC700862165 /* Debug */ = {
			isa = XCBuildConfiguration;
			buildSettings = {
				ALWAYS_SEARCH_USER_PATHS = NO;
				CLANG_ANALYZER_NONNULL = YES;
				CLANG_ANALYZER_NUMBER_OBJECT_CONVERSION = YES_AGGRESSIVE;
				CLANG_CXX_LANGUAGE_STANDARD = "gnu++17";
				CLANG_ENABLE_MODULES = YES;
				CLANG_ENABLE_OBJC_ARC = YES;
				CLANG_ENABLE_OBJC_WEAK = YES;
				CLANG_WARN_BLOCK_CAPTURE_AUTORELEASING = YES;
				CLANG_WARN_BOOL_CONVERSION = YES;
				CLANG_WARN_COMMA = YES;
				CLANG_WARN_CONSTANT_CONVERSION = YES;
				CLANG_WARN_DEPRECATED_OBJC_IMPLEMENTATIONS = YES;
				CLANG_WARN_DIRECT_OBJC_ISA_USAGE = YES_ERROR;
				CLANG_WARN_DOCUMENTATION_COMMENTS = YES;
				CLANG_WARN_EMPTY_BODY = YES;
				CLANG_WARN_ENUM_CONVERSION = YES;
				CLANG_WARN_INFINITE_RECURSION = YES;
				CLANG_WARN_INT_CONVERSION = YES;
				CLANG_WARN_NON_LITERAL_NULL_CONVERSION = YES;
				CLANG_WARN_OBJC_IMPLICIT_RETAIN_SELF = YES;
				CLANG_WARN_OBJC_LITERAL_CONVERSION = YES;
				CLANG_WARN_OBJC_ROOT_CLASS = YES_ERROR;
				CLANG_WARN_QUOTED_INCLUDE_IN_FRAMEWORK_HEADER = YES;
				CLANG_WARN_RANGE_LOOP_ANALYSIS = YES;
				CLANG_WARN_STRICT_PROTOTYPES = YES;
				CLANG_WARN_SUSPICIOUS_MOVE = YES;
				CLANG_WARN_UNGUARDED_AVAILABILITY = YES_AGGRESSIVE;
				CLANG_WARN_UNREACHABLE_CODE = YES;
				CLANG_WARN__DUPLICATE_METHOD_MATCH = YES;
				COPY_PHASE_STRIP = NO;
				DEBUG_INFORMATION_FORMAT = dwarf;
				ENABLE_STRICT_OBJC_MSGSEND = YES;
				ENABLE_TESTABILITY = YES;
				GCC_C_LANGUAGE_STANDARD = gnu11;
				GCC_DYNAMIC_NO_PIC = NO;
				GCC_NO_COMMON_BLOCKS = YES;
				GCC_OPTIMIZATION_LEVEL = 0;
				GCC_PREPROCESSOR_DEFINITIONS = (
					"DEBUG=1",
					"$(inherited)",
				);
				GCC_WARN_64_TO_32_BIT_CONVERSION = YES;
				GCC_WARN_ABOUT_RETURN_TYPE = YES_ERROR;
				GCC_WARN_UNDECLARED_SELECTOR = YES;
				GCC_WARN_UNINITIALIZED_AUTOS = YES_AGGRESSIVE;
				GCC_WARN_UNUSED_FUNCTION = YES;
				GCC_WARN_UNUSED_VARIABLE = YES;
				IPHONEOS_DEPLOYMENT_TARGET = 15.4;
				MTL_ENABLE_DEBUG_INFO = INCLUDE_SOURCE;
				MTL_FAST_MATH = YES;
				ONLY_ACTIVE_ARCH = YES;
				SDKROOT = iphoneos;
				SWIFT_ACTIVE_COMPILATION_CONDITIONS = DEBUG;
				SWIFT_OPTIMIZATION_LEVEL = "-Onone";
			};
			name = Debug;
		};
		F646FFBF2884DDC700862165 /* Release */ = {
			isa = XCBuildConfiguration;
			buildSettings = {
				ALWAYS_SEARCH_USER_PATHS = NO;
				CLANG_ANALYZER_NONNULL = YES;
				CLANG_ANALYZER_NUMBER_OBJECT_CONVERSION = YES_AGGRESSIVE;
				CLANG_CXX_LANGUAGE_STANDARD = "gnu++17";
				CLANG_ENABLE_MODULES = YES;
				CLANG_ENABLE_OBJC_ARC = YES;
				CLANG_ENABLE_OBJC_WEAK = YES;
				CLANG_WARN_BLOCK_CAPTURE_AUTORELEASING = YES;
				CLANG_WARN_BOOL_CONVERSION = YES;
				CLANG_WARN_COMMA = YES;
				CLANG_WARN_CONSTANT_CONVERSION = YES;
				CLANG_WARN_DEPRECATED_OBJC_IMPLEMENTATIONS = YES;
				CLANG_WARN_DIRECT_OBJC_ISA_USAGE = YES_ERROR;
				CLANG_WARN_DOCUMENTATION_COMMENTS = YES;
				CLANG_WARN_EMPTY_BODY = YES;
				CLANG_WARN_ENUM_CONVERSION = YES;
				CLANG_WARN_INFINITE_RECURSION = YES;
				CLANG_WARN_INT_CONVERSION = YES;
				CLANG_WARN_NON_LITERAL_NULL_CONVERSION = YES;
				CLANG_WARN_OBJC_IMPLICIT_RETAIN_SELF = YES;
				CLANG_WARN_OBJC_LITERAL_CONVERSION = YES;
				CLANG_WARN_OBJC_ROOT_CLASS = YES_ERROR;
				CLANG_WARN_QUOTED_INCLUDE_IN_FRAMEWORK_HEADER = YES;
				CLANG_WARN_RANGE_LOOP_ANALYSIS = YES;
				CLANG_WARN_STRICT_PROTOTYPES = YES;
				CLANG_WARN_SUSPICIOUS_MOVE = YES;
				CLANG_WARN_UNGUARDED_AVAILABILITY = YES_AGGRESSIVE;
				CLANG_WARN_UNREACHABLE_CODE = YES;
				CLANG_WARN__DUPLICATE_METHOD_MATCH = YES;
				COPY_PHASE_STRIP = NO;
				DEBUG_INFORMATION_FORMAT = "dwarf-with-dsym";
				ENABLE_NS_ASSERTIONS = NO;
				ENABLE_STRICT_OBJC_MSGSEND = YES;
				GCC_C_LANGUAGE_STANDARD = gnu11;
				GCC_NO_COMMON_BLOCKS = YES;
				GCC_WARN_64_TO_32_BIT_CONVERSION = YES;
				GCC_WARN_ABOUT_RETURN_TYPE = YES_ERROR;
				GCC_WARN_UNDECLARED_SELECTOR = YES;
				GCC_WARN_UNINITIALIZED_AUTOS = YES_AGGRESSIVE;
				GCC_WARN_UNUSED_FUNCTION = YES;
				GCC_WARN_UNUSED_VARIABLE = YES;
				IPHONEOS_DEPLOYMENT_TARGET = 15.4;
				MTL_ENABLE_DEBUG_INFO = NO;
				MTL_FAST_MATH = YES;
				SDKROOT = iphoneos;
				SWIFT_COMPILATION_MODE = wholemodule;
				SWIFT_OPTIMIZATION_LEVEL = "-O";
				VALIDATE_PRODUCT = YES;
			};
			name = Release;
		};
		F646FFC12884DDC700862165 /* Debug */ = {
			isa = XCBuildConfiguration;
			buildSettings = {
				ASSETCATALOG_COMPILER_APPICON_NAME = AppIcon;
				ASSETCATALOG_COMPILER_GLOBAL_ACCENT_COLOR_NAME = AccentColor;
				CODE_SIGN_STYLE = Automatic;
				CURRENT_PROJECT_VERSION = 1;
				GENERATE_INFOPLIST_FILE = YES;
				INFOPLIST_FILE = "SeSAC Week3 TrendMedia/Info.plist";
				INFOPLIST_KEY_UIApplicationSupportsIndirectInputEvents = YES;
				INFOPLIST_KEY_UILaunchStoryboardName = LaunchScreen;
				INFOPLIST_KEY_UIMainStoryboardFile = Main;
				INFOPLIST_KEY_UISupportedInterfaceOrientations = UIInterfaceOrientationPortrait;
				INFOPLIST_KEY_UISupportedInterfaceOrientations_iPad = "UIInterfaceOrientationPortrait UIInterfaceOrientationPortraitUpsideDown UIInterfaceOrientationLandscapeLeft UIInterfaceOrientationLandscapeRight";
				INFOPLIST_KEY_UISupportedInterfaceOrientations_iPhone = "UIInterfaceOrientationPortrait UIInterfaceOrientationLandscapeLeft UIInterfaceOrientationLandscapeRight";
				IPHONEOS_DEPLOYMENT_TARGET = 13.0;
				LD_RUNPATH_SEARCH_PATHS = (
					"$(inherited)",
					"@executable_path/Frameworks",
				);
				MARKETING_VERSION = 1.0;
				PRODUCT_BUNDLE_IDENTIFIER = "com.rOarMJ.SeSAC-Week3-TrendMedia";
				PRODUCT_NAME = "$(TARGET_NAME)";
				SWIFT_EMIT_LOC_STRINGS = YES;
				SWIFT_VERSION = 5.0;
				TARGETED_DEVICE_FAMILY = 1;
			};
			name = Debug;
		};
		F646FFC22884DDC700862165 /* Release */ = {
			isa = XCBuildConfiguration;
			buildSettings = {
				ASSETCATALOG_COMPILER_APPICON_NAME = AppIcon;
				ASSETCATALOG_COMPILER_GLOBAL_ACCENT_COLOR_NAME = AccentColor;
				CODE_SIGN_STYLE = Automatic;
				CURRENT_PROJECT_VERSION = 1;
				GENERATE_INFOPLIST_FILE = YES;
				INFOPLIST_FILE = "SeSAC Week3 TrendMedia/Info.plist";
				INFOPLIST_KEY_UIApplicationSupportsIndirectInputEvents = YES;
				INFOPLIST_KEY_UILaunchStoryboardName = LaunchScreen;
				INFOPLIST_KEY_UIMainStoryboardFile = Main;
				INFOPLIST_KEY_UISupportedInterfaceOrientations = UIInterfaceOrientationPortrait;
				INFOPLIST_KEY_UISupportedInterfaceOrientations_iPad = "UIInterfaceOrientationPortrait UIInterfaceOrientationPortraitUpsideDown UIInterfaceOrientationLandscapeLeft UIInterfaceOrientationLandscapeRight";
				INFOPLIST_KEY_UISupportedInterfaceOrientations_iPhone = "UIInterfaceOrientationPortrait UIInterfaceOrientationLandscapeLeft UIInterfaceOrientationLandscapeRight";
				IPHONEOS_DEPLOYMENT_TARGET = 13.0;
				LD_RUNPATH_SEARCH_PATHS = (
					"$(inherited)",
					"@executable_path/Frameworks",
				);
				MARKETING_VERSION = 1.0;
				PRODUCT_BUNDLE_IDENTIFIER = "com.rOarMJ.SeSAC-Week3-TrendMedia";
				PRODUCT_NAME = "$(TARGET_NAME)";
				SWIFT_EMIT_LOC_STRINGS = YES;
				SWIFT_VERSION = 5.0;
				TARGETED_DEVICE_FAMILY = 1;
			};
			name = Release;
		};
/* End XCBuildConfiguration section */

/* Begin XCConfigurationList section */
		F646FFA72884DDC600862165 /* Build configuration list for PBXProject "SeSAC Week3 TrendMedia" */ = {
			isa = XCConfigurationList;
			buildConfigurations = (
				F646FFBE2884DDC700862165 /* Debug */,
				F646FFBF2884DDC700862165 /* Release */,
			);
			defaultConfigurationIsVisible = 0;
			defaultConfigurationName = Release;
		};
		F646FFC02884DDC700862165 /* Build configuration list for PBXNativeTarget "SeSAC Week3 TrendMedia" */ = {
			isa = XCConfigurationList;
			buildConfigurations = (
				F646FFC12884DDC700862165 /* Debug */,
				F646FFC22884DDC700862165 /* Release */,
			);
			defaultConfigurationIsVisible = 0;
			defaultConfigurationName = Release;
		};
/* End XCConfigurationList section */
	};
	rootObject = F646FFA42884DDC600862165 /* Project object */;
}
